{
  "name": "@papergo/client",
  "version": "0.1.0",
  "lockfileVersion": 3,
  "requires": true,
  "packages": {
    "": {
      "name": "@papergo/client",
      "version": "0.1.0",
      "dependencies": {
        "@microsoft/kiota-abstractions": "1.0.0-preview.106",
        "@microsoft/kiota-bundle": "1.0.0-preview.106",
        "@microsoft/kiota-http-fetchlibrary": "1.0.0-preview.106",
        "@microsoft/kiota-serialization-form": "1.0.0-preview.106",
        "@microsoft/kiota-serialization-json": "1.0.0-preview.106",
        "@microsoft/kiota-serialization-multipart": "1.0.0-preview.106",
        "@microsoft/kiota-serialization-text": "1.0.0-preview.106"
      },
      "devDependencies": {
        "@types/node": "^22.20.4",
        "typescript": "^5.9.0"
      },
      "engines": {
        "node": ">=20"
      }
    },
    "node_modules/@microsoft/kiota-abstractions": {
      "version": "1.0.0-preview.106",
      "resolved": "https://registry.npmjs.org/@microsoft/kiota-abstractions/-/kiota-abstractions-1.0.0-preview.106.tgz",
      "integrity": "sha512-W3BRyBzTUW2RKsUWcUEBTHczTL3tGCY6Ca4kdpwDZoq0J2KTSoCsXqb9/2S9BaAgI/Nv5Px7I/T1+G2Q7Vzpvw==",
      "license": "MIT",
      "dependencies": {
        "@opentelemetry/api": "^1.7.0",
        "@std-uritemplate/std-uritemplate": "^2.0.0",
        "tinyduration": "^3.3.0",
        "tslib": "^2.6.2"
      }
    },
    "node_modules/@microsoft/kiota-bundle": {
      "version": "1.0.0-preview.106",
      "resolved": "https://registry.npmjs.org/@microsoft/kiota-bundle/-/kiota-bundle-1.0.0-preview.106.tgz",
      "integrity": "sha512-gIiPK3mt/FzX6qa3QSKb97jkngeLOItAvyFamDckR2NxqpVjbX1B+KHIXnOaFP6iB/cxIQ0d6owEq5G/YshaJQ==",
      "license": "MIT",
      "dependencies": {
        "@microsoft/kiota-abstractions": "^1.0.0-preview.106",
        "@microsoft/kiota-http-fetchlibrary": "^1.0.0-preview.106",
        "@microsoft/kiota-serialization-form": "^1.0.0-preview.106",
        "@microsoft/kiota-serialization-json": "^1.0.0-preview.106",
        "@microsoft/kiota-serialization-multipart": "^1.0.0-preview.106",
        "@microsoft/kiota-serialization-text": "^1.0.0-preview.106"
      }
    },
    "node_modules/@microsoft/kiota-http-fetchlibrary": {
      "version": "1.0.0-preview.106",
      "resolved": "https://registry.npmjs.org/@microsoft/kiota-http-fetchlibrary/-/kiota-http-fetchlibrary-1.0.0-preview.106.tgz",
      "integrity": "sha512-/3g90hQYZuZhi1KiHVnaX2tCgWyMdwbWdG5B1iLO9OGYVCiARdn7XxoB54uUQawYGqMNVqH3OS7ccVDUyI6fBQ==",
      "license": "MIT",
      "dependencies": {
        "@microsoft/kiota-abstractions": "^1.0.0-preview.106",
        "@opentelemetry/api": "^1.7.0",
        "tslib": "^2.6.2"
      }
    },
    "node_modules/@microsoft/kiota-serialization-form": {
      "version": "1.0.0-preview.106",
      "resolved": "https://registry.npmjs.org/@microsoft/kiota-serialization-form/-/kiota-serialization-form-1.0.0-preview.106.tgz",
      "integrity": "sha512-6O1Ec2qwf4kaircbFrx2LulLn5Kgz0fRXEg52gXhOGbmIpdcYls1VHsj0XivmxqOwXJGCBEGWrLl4B8UgRAqOQ==",
      "license": "MIT",
      "dependencies": {
        "@microsoft/kiota-abstractions": "^1.0.0-preview.106",
        "tslib": "^2.6.2"
      }
    },
    "node_modules/@microsoft/kiota-serialization-json": {
      "version": "1.0.0-preview.106",
      "resolved": "https://registry.npmjs.org/@microsoft/kiota-serialization-json/-/kiota-serialization-json-1.0.0-preview.106.tgz",
      "integrity": "sha512-BrNqyS7ealFKjfwTjeUublBxm9KABCaYWndUNTZrb0iIVoeeE5sup7kaIccaizOS5CfkYD00ktUJIGfzEbMf5g==",
      "license": "MIT",
      "dependencies": {
        "@microsoft/kiota-abstractions": "^1.0.0-preview.106",
        "tslib": "^2.6.2"
      }
    },
    "node_modules/@microsoft/kiota-serialization-multipart": {
      "version": "1.0.0-preview.106",
      "resolved": "https://registry.npmjs.org/@microsoft/kiota-serialization-multipart/-/kiota-serialization-multipart-1.0.0-preview.106.tgz",
      "integrity": "sha512-uU+mhDD27vLIKRJSw855BSf/eh7byvak3vvi6Vh7WNknRNLD/DrfMxdomYxzFVxeNPKZyOcDB5icsJrhGW8Smg==",
      "license": "MIT",
      "dependencies": {
        "@microsoft/kiota-abstractions": "^1.0.0-preview.106",
        "tslib": "^2.6.2"
      }
    },
    "node_modules/@microsoft/kiota-serialization-text": {
      "version": "1.0.0-preview.106",
      "resolved": "https://registry.npmjs.org/@microsoft/kiota-serialization-text/-/kiota-serialization-text-1.0.0-preview.106.tgz",
      "integrity": "sha512-dsxIlzFl/7H4hpGinUO8eNOr2L0VUzQfsf3zm6Sa6eZuRJNvs1CrFgVwFDa6h5Qy/AtuyOwZton/gtWQEKJW5w==",
      "license": "MIT",
      "dependencies": {
        "@microsoft/kiota-abstractions": "^1.0.0-preview.106",
        "tslib": "^2.6.2"
      }
    },
    "node_modules/@opentelemetry/api": {
      "version": "1.9.1",
      "resolved": "https://registry.npmjs.org/@opentelemetry/api/-/api-1.9.1.tgz",
      "integrity": "sha512-gLyJlPHPZYdAk1JENA9LeHejZe1Ti77/pTeFm/nMXmQH/HFZlcS/O2XJB+L8fkbrNSqhdtlvjBVjxwUYanNH5Q==",
      "license": "Apache-2.0",
      "engines": {
        "node": ">=8.0.0"
      }
    },
    "node_modules/@std-uritemplate/std-uritemplate": {
      "version": "2.0.12",
      "resolved": "https://registry.npmjs.org/@std-uritemplate/std-uritemplate/-/std-uritemplate-2.0.12.tgz",
      "integrity": "sha512-s/R828vYTrFPgAOFAUiHuP4i1eSZHCO9PKVfzVR+2DFERJ/G71BpZJVObM2yy3xeMjMW3wB61gvanb6/pV1lJw==",
      "license": "Apache-2.0"
    },
    "node_modules/@types/node": {
      "version": "22.20.5",
      "resolved": "https://registry.npmjs.org/@types/node/-/node-22.20.5.tgz",
      "integrity": "sha512-U2+DNr+wSjpsTS/wZGYHq7GcwfuSmKiKvoPvK22zwTlRhU91yOniN4qRR5KhIjvif7ysw/dz/hKmfDH0Ris4aA==",
      "dev": true,
      "license": "MIT",
      "dependencies": {
        "undici-types": "~6.21.0"
      }
    },
    "node_modules/tinyduration": {
      "version": "3.4.1",
      "resolved": "https://registry.npmjs.org/tinyduration/-/tinyduration-3.4.1.tgz",
      "integrity": "sha512-NemFoamVYn7TmtwZKZ3OiliM9fZkr6EWiTM+wKknco6POSy2gS689xx/pXip0JYp40HXpUw6k65CUYHWYUXdaA==",
      "license": "MIT"
    },
    "node_modules/tslib": {
      "version": "2.8.1",
      "resolved": "https://registry.npmjs.org/tslib/-/tslib-2.8.1.tgz",
      "integrity": "sha512-oJFu94HQb+KVduSUQL7wnpmqnfmLsOA/nAh6b6EH0wCEoK0/mPeXU6c3wKDV83MkOuHPRHtSXKKU99IBazS/2w==",
      "license": "0BSD"
    },
    "node_modules/typescript": {
      "version": "5.9.3",
      "resolved": "https://registry.npmjs.org/typescript/-/typescript-5.9.3.tgz",
      "integrity": "sha512-jl1vZzPDinLr9eUt3J/t7V6FgNEw9QjvBPdysz9KfQDD41fQrC2Y4vKQdiaUpFT4bXlb1RHhLpp8wtm6M5TgSw==",
      "dev": true,
      "license": "Apache-2.0",
      "bin": {
        "tsc": "bin/tsc",
        "tsserver": "bin/tsserver"
      },
      "engines": {
        "node": ">=14.17"
      }
    },
    "node_modules/undici-types": {
      "version": "6.21.0",
      "resolved": "https://registry.npmjs.org/undici-types/-/undici-types-6.21.0.tgz",
      "integrity": "sha512-iwDZqg0QAGrg9Rav5H4n0M64c3mkR59cJ6wQp+7C4nI0gsmExaedaYLNO44eT4AtBBwjbTiGPMlt2Md0T9H9JQ==",
      "dev": true,
      "license": "MIT"
    }
  }
}
